<?xml version="1.0" encoding="utf-8"?>
<Project ToolsVersion="4.0" xmlns="http://schemas.microsoft.com/developer/msbuild/2003">
  <ItemGroup>
    <Filter Include="Source Files">
      <UniqueIdentifier>{4FC737F1-C7A5-4376-A066-2A32D752A2FF}</UniqueIdentifier>
      <Extensions>cpp;c;cc;cxx;c++;cppm;ixx;def;odl;idl;hpj;bat;asm;asmx</Extensions>
    </Filter>
    <Filter Include="Header Files">
      <UniqueIdentifier>{93995380-89BD-4b04-88EB-625FBE52EBFB}</UniqueIdentifier>
      <Extensions>h;hh;hpp;hxx;h++;hm;inl;inc;ipp;xsd</Extensions>
    </Filter>
    <Filter Include="Resource Files">
      <UniqueIdentifier>{67DA6AB6-F800-4c08-8B7A-83BB121AAD01}</UniqueIdentifier>
      <Extensions>rc;ico;cur;bmp;dlg;rc2;rct;bin;rgs;gif;jpg;jpeg;jpe;resx;tiff;tif;png;wav;mfcribbon-ms</Extensions>
    </Filter>
    <Filter Include="Header Files\detail">
      <UniqueIdentifier>{922c2acd-6cc8-44e0-9ad9-d9c0bd89a6a9}</UniqueIdentifier>
    </Filter>
    <Filter Include="Header Files\exports">
      <UniqueIdentifier>{dfbe3e17-0927-49de-862e-36bcaec79dbb}</UniqueIdentifier>
    </Filter>
    <Filter Include="Source Files\exports">
      <UniqueIdentifier>{82f9ef32-df7c-433b-92c5-b3f47cef3533}</UniqueIdentifier>
    </Filter>
    <Filter Include="Header Files\detail\exports">
      <UniqueIdentifier>{057256f7-b2a2-4fe5-b206-03c887c05e16}</UniqueIdentifier>
    </Filter>
    <Filter Include="Header Files\detail\imports">
      <UniqueIdentifier>{2ff03742-fb47-42c9-8da7-1828c61cdd76}</UniqueIdentifier>
    </Filter>
    <Filter Include="Header Files\imports">
      <UniqueIdentifier>{a6447ebf-1147-485b-b9ac-45491fa9002d}</UniqueIdentifier>
    </Filter>
    <Filter Include="Source Files\imports">
      <UniqueIdentifier>{4afe3552-3c40-4a7d-bebc-a1acc09adc2a}</UniqueIdentifier>
    </Filter>
    <Filter Include="Header Files\detail\bound_import">
      <UniqueIdentifier>{5893f5fb-d098-4f94-aade-97ef39e52924}</UniqueIdentifier>
    </Filter>
    <Filter Include="Header Files\bound_import">
      <UniqueIdentifier>{2926c489-56e2-4e4c-8a43-f1978c306e56}</UniqueIdentifier>
    </Filter>
    <Filter Include="Source Files\bound_import">
      <UniqueIdentifier>{9cc507b2-9db8-4810-b09b-20768ae22c21}</UniqueIdentifier>
    </Filter>
    <Filter Include="Header Files\detail\relocations">
      <UniqueIdentifier>{0339cba9-f8fc-4abf-afd7-b8f2469e57fe}</UniqueIdentifier>
    </Filter>
    <Filter Include="Header Files\relocations">
      <UniqueIdentifier>{bc3db527-4198-4ede-aa73-a7cfd4d87fac}</UniqueIdentifier>
    </Filter>
    <Filter Include="Source Files\relocations">
      <UniqueIdentifier>{0736cc8c-e19d-4dac-9e80-e7853512b1e3}</UniqueIdentifier>
    </Filter>
    <Filter Include="Header Files\detail\tls">
      <UniqueIdentifier>{5508cbac-d54f-46e1-a456-bbd7131a808c}</UniqueIdentifier>
    </Filter>
    <Filter Include="Header Files\tls">
      <UniqueIdentifier>{0b18807c-030f-43b8-8352-558b4eb7a799}</UniqueIdentifier>
    </Filter>
    <Filter Include="Source Files\tls">
      <UniqueIdentifier>{6e2af670-d31e-466f-a5be-c434d0f5f55f}</UniqueIdentifier>
    </Filter>
    <Filter Include="Header Files\detail\load_config">
      <UniqueIdentifier>{b3e17215-79a2-42d4-8860-4189c01a8cde}</UniqueIdentifier>
    </Filter>
    <Filter Include="Header Files\load_config">
      <UniqueIdentifier>{5955dbbb-60d7-46f3-8f2c-ba05aa1d2c0e}</UniqueIdentifier>
    </Filter>
    <Filter Include="Source Files\load_config">
      <UniqueIdentifier>{f9b7f820-2c7c-4a15-8923-e155ee2bff93}</UniqueIdentifier>
    </Filter>
    <Filter Include="Header Files\detail\exceptions">
      <UniqueIdentifier>{c94453e1-84d7-465a-a98d-583fea70e65e}</UniqueIdentifier>
    </Filter>
    <Filter Include="Header Files\exceptions">
      <UniqueIdentifier>{a5f94c68-33f0-4ff1-bc63-7e3d82951b8e}</UniqueIdentifier>
    </Filter>
    <Filter Include="Source Files\exceptions">
      <UniqueIdentifier>{3a1cc9ed-69e1-4768-ae7f-03f13af46c48}</UniqueIdentifier>
    </Filter>
    <Filter Include="Header Files\exceptions\x64">
      <UniqueIdentifier>{3681656e-b53b-4b02-a9f5-c933d24fa199}</UniqueIdentifier>
    </Filter>
    <Filter Include="Source Files\exceptions\x64">
      <UniqueIdentifier>{cde3dd61-c582-4bc1-bfd9-62fb15599bc6}</UniqueIdentifier>
    </Filter>
    <Filter Include="Header Files\exceptions\arm64">
      <UniqueIdentifier>{5961f912-5b15-46a8-bde5-93f157e73f90}</UniqueIdentifier>
    </Filter>
    <Filter Include="Source Files\exceptions\arm64">
      <UniqueIdentifier>{c8df4a07-97c2-4345-9646-f7738aa5db80}</UniqueIdentifier>
    </Filter>
    <Filter Include="Header Files\exceptions\arm">
      <UniqueIdentifier>{dd0f8efd-202f-4640-b73f-521a3adb5d37}</UniqueIdentifier>
    </Filter>
    <Filter Include="Source Files\exceptions\arm">
      <UniqueIdentifier>{35f1f42b-5431-4f34-926d-40d93a93045e}</UniqueIdentifier>
    </Filter>
    <Filter Include="Header Files\exceptions\arm_common">
      <UniqueIdentifier>{beb6cfb7-deee-4c3a-962d-8bc413fc9e1d}</UniqueIdentifier>
    </Filter>
    <Filter Include="Source Files\exceptions\arm_common">
      <UniqueIdentifier>{bbe0f243-df41-4f2e-abbd-79c27b668755}</UniqueIdentifier>
    </Filter>
    <Filter Include="Header Files\resources">
      <UniqueIdentifier>{01df840d-e67d-4c16-8717-363b9b46edb0}</UniqueIdentifier>
    </Filter>
    <Filter Include="Source Files\resources">
      <UniqueIdentifier>{855309f2-60dd-4754-9671-7cf4252150ae}</UniqueIdentifier>
    </Filter>
    <Filter Include="Header Files\detail\resources">
      <UniqueIdentifier>{718dfe86-006a-45e7-bcd2-9f5c5b61f44e}</UniqueIdentifier>
    </Filter>
    <Filter Include="Source Files\detail">
      <UniqueIdentifier>{beebc20d-8329-47c1-909e-789db4eb0956}</UniqueIdentifier>
    </Filter>
    <Filter Include="Header Files\detail\rich">
      <UniqueIdentifier>{83080f75-0e8e-4685-95a8-79bdda0525d8}</UniqueIdentifier>
    </Filter>
    <Filter Include="Source Files\rich">
      <UniqueIdentifier>{31f7b197-600a-4a04-ac7e-29c1663d6139}</UniqueIdentifier>
    </Filter>
    <Filter Include="Source Files\detail\rich">
      <UniqueIdentifier>{e2b44682-2dae-454f-ada5-272ade1b4df9}</UniqueIdentifier>
    </Filter>
    <Filter Include="Header Files\rich">
      <UniqueIdentifier>{065a1b06-6b5e-4014-ac0f-3442ad6d8301}</UniqueIdentifier>
    </Filter>
    <Filter Include="Header Files\section">
      <UniqueIdentifier>{f50707f0-78bf-4325-ba8f-2e4bbbac05fd}</UniqueIdentifier>
    </Filter>
    <Filter Include="Source Files\section">
      <UniqueIdentifier>{a56dfaf9-f8ff-4478-9da3-b4e9e56e3808}</UniqueIdentifier>
    </Filter>
    <Filter Include="Header Files\dos">
      <UniqueIdentifier>{62c289d4-aeca-4a06-b6ac-24223dd3f4b7}</UniqueIdentifier>
    </Filter>
    <Filter Include="Source Files\dos">
      <UniqueIdentifier>{edd0e58a-9b5c-4d82-b4f3-52e151c6f326}</UniqueIdentifier>
    </Filter>
    <Filter Include="Header Files\core">
      <UniqueIdentifier>{b323a0d6-a0dd-4be6-addb-9f4f596ea529}</UniqueIdentifier>
    </Filter>
    <Filter Include="Source Files\core">
      <UniqueIdentifier>{64deaa2c-1e16-4da7-bf06-ababa6fe07e8}</UniqueIdentifier>
    </Filter>
    <Filter Include="Header Files\image">
      <UniqueIdentifier>{1a32737f-8ff6-40ec-aa1e-67215b0d07dd}</UniqueIdentifier>
    </Filter>
    <Filter Include="Source Files\image">
      <UniqueIdentifier>{ac02b4d9-784d-4388-9c5c-85a207146df6}</UniqueIdentifier>
    </Filter>
    <Filter Include="Header Files\detail\image">
      <UniqueIdentifier>{8d7ceb44-66f2-491c-b723-bea3507dcb49}</UniqueIdentifier>
    </Filter>
    <Filter Include="Header Files\detail\debug">
      <UniqueIdentifier>{9bbc014b-5198-498f-be89-0d7995a79c23}</UniqueIdentifier>
    </Filter>
    <Filter Include="Header Files\debug">
      <UniqueIdentifier>{1a1b8186-7517-471f-9c6c-dcd71133fe2f}</UniqueIdentifier>
    </Filter>
    <Filter Include="Source Files\debug">
      <UniqueIdentifier>{d8ffc7db-3008-436d-a493-cdb22bd11cfa}</UniqueIdentifier>
    </Filter>
    <Filter Include="Header Files\dotnet">
      <UniqueIdentifier>{8e8efcef-9404-4aa0-b93b-27facb526f16}</UniqueIdentifier>
    </Filter>
    <Filter Include="Source Files\dotnet">
      <UniqueIdentifier>{1f4ea03a-b241-4f02-aebd-3aed9ef601b4}</UniqueIdentifier>
    </Filter>
    <Filter Include="Header Files\detail\dotnet">
      <UniqueIdentifier>{3c9cadb1-5d67-429d-8885-e2a6957f05a3}</UniqueIdentifier>
    </Filter>
  </ItemGroup>
  <ItemGroup>
    <ClInclude Include="detail\packed_serialization.h">
      <Filter>Header Files\detail</Filter>
    </ClInclude>
    <ClInclude Include="detail\concepts.h">
      <Filter>Header Files\detail</Filter>
    </ClInclude>
    <ClInclude Include="pe_error.h">
      <Filter>Header Files</Filter>
    </ClInclude>
    <ClInclude Include="detail\image_dos_header.h">
      <Filter>Header Files\detail</Filter>
    </ClInclude>
    <ClInclude Include="detail\image_file_header.h">
      <Filter>Header Files\detail</Filter>
    </ClInclude>
    <ClInclude Include="detail\image_optional_header.h">
      <Filter>Header Files\detail</Filter>
    </ClInclude>
    <ClInclude Include="detail\packed_struct_base.h">
      <Filter>Header Files\detail</Filter>
    </ClInclude>
    <ClInclude Include="detail\image_data_directory.h">
      <Filter>Header Files\detail</Filter>
    </ClInclude>
    <ClInclude Include="detail\image_section_header.h">
      <Filter>Header Files\detail</Filter>
    </ClInclude>
    <ClInclude Include="address_converter.h">
      <Filter>Header Files</Filter>
    </ClInclude>
    <ClInclude Include="exports\exported_address.h">
      <Filter>Header Files\exports</Filter>
    </ClInclude>
    <ClInclude Include="exports\export_directory.h">
      <Filter>Header Files\exports</Filter>
    </ClInclude>
    <ClInclude Include="detail\exports\image_export_directory.h">
      <Filter>Header Files\detail\exports</Filter>
    </ClInclude>
    <ClInclude Include="exports\export_directory_loader.h">
      <Filter>Header Files\exports</Filter>
    </ClInclude>
    <ClInclude Include="pe_types.h">
      <Filter>Header Files</Filter>
    </ClInclude>
    <ClInclude Include="exports\export_directory_builder.h">
      <Filter>Header Files\exports</Filter>
    </ClInclude>
    <ClInclude Include="detail\imports\image_import_descriptor.h">
      <Filter>Header Files\detail\imports</Filter>
    </ClInclude>
    <ClInclude Include="imports\imported_address.h">
      <Filter>Header Files\imports</Filter>
    </ClInclude>
    <ClInclude Include="imports\import_directory.h">
      <Filter>Header Files\imports</Filter>
    </ClInclude>
    <ClInclude Include="imports\import_directory_loader.h">
      <Filter>Header Files\imports</Filter>
    </ClInclude>
    <ClInclude Include="imports\import_directory_builder.h">
      <Filter>Header Files\imports</Filter>
    </ClInclude>
    <ClInclude Include="detail\bound_import\image_bound_import_descriptor.h">
      <Filter>Header Files\detail\bound_import</Filter>
    </ClInclude>
    <ClInclude Include="bound_import\bound_library.h">
      <Filter>Header Files\bound_import</Filter>
    </ClInclude>
    <ClInclude Include="bound_import\bound_import_directory_loader.h">
      <Filter>Header Files\bound_import</Filter>
    </ClInclude>
    <ClInclude Include="bound_import\bound_import_directory_builder.h">
      <Filter>Header Files\bound_import</Filter>
    </ClInclude>
    <ClInclude Include="detail\relocations\image_base_relocation.h">
      <Filter>Header Files\detail\relocations</Filter>
    </ClInclude>
    <ClInclude Include="relocations\base_relocation.h">
      <Filter>Header Files\relocations</Filter>
    </ClInclude>
    <ClInclude Include="relocations\relocation_entry.h">
      <Filter>Header Files\relocations</Filter>
    </ClInclude>
    <ClInclude Include="relocations\relocation_directory_loader.h">
      <Filter>Header Files\relocations</Filter>
    </ClInclude>
    <ClInclude Include="relocations\image_rebase.h">
      <Filter>Header Files\relocations</Filter>
    </ClInclude>
    <ClInclude Include="relocations\relocation_directory_builder.h">
      <Filter>Header Files\relocations</Filter>
    </ClInclude>
    <ClInclude Include="tls\tls_directory.h">
      <Filter>Header Files\tls</Filter>
    </ClInclude>
    <ClInclude Include="detail\tls\image_tls_directory.h">
      <Filter>Header Files\detail\tls</Filter>
    </ClInclude>
    <ClInclude Include="tls\tls_directory_loader.h">
      <Filter>Header Files\tls</Filter>
    </ClInclude>
    <ClInclude Include="tls\tls_directory_builder.h">
      <Filter>Header Files\tls</Filter>
    </ClInclude>
    <ClInclude Include="detail\load_config\image_load_config_directory.h">
      <Filter>Header Files\detail\load_config</Filter>
    </ClInclude>
    <ClInclude Include="load_config\load_config_directory.h">
      <Filter>Header Files\load_config</Filter>
    </ClInclude>
    <ClInclude Include="load_config\load_config_directory_loader.h">
      <Filter>Header Files\load_config</Filter>
    </ClInclude>
    <ClInclude Include="detail\exceptions\image_runtime_function_entry.h">
      <Filter>Header Files\detail\exceptions</Filter>
    </ClInclude>
    <ClInclude Include="exceptions\exception_directory.h">
      <Filter>Header Files\exceptions</Filter>
    </ClInclude>
    <ClInclude Include="exceptions\x64\x64_exception_directory.h">
      <Filter>Header Files\exceptions\x64</Filter>
    </ClInclude>
    <ClInclude Include="exceptions\exception_directory_loader.h">
      <Filter>Header Files\exceptions</Filter>
    </ClInclude>
    <ClInclude Include="exceptions\x64\x64_exception_directory_loader.h">
      <Filter>Header Files\exceptions\x64</Filter>
    </ClInclude>
    <ClInclude Include="exceptions\arm64\arm64_exception_directory.h">
      <Filter>Header Files\exceptions\arm64</Filter>
    </ClInclude>
    <ClInclude Include="exceptions\arm64\arm64_exception_directory_loader.h">
      <Filter>Header Files\exceptions\arm64</Filter>
    </ClInclude>
    <ClInclude Include="exceptions\arm\arm_exception_directory.h">
      <Filter>Header Files\exceptions\arm</Filter>
    </ClInclude>
    <ClInclude Include="exceptions\arm_common\arm_common_unwind_info.h">
      <Filter>Header Files\exceptions\arm_common</Filter>
    </ClInclude>
    <ClInclude Include="exceptions\arm\arm_exception_directory_loader.h">
      <Filter>Header Files\exceptions\arm</Filter>
    </ClInclude>
    <ClInclude Include="exceptions\arm_common\arm_common_exception_directory_loader.h">
      <Filter>Header Files\exceptions\arm_common</Filter>
    </ClInclude>
    <ClInclude Include="detail\resources\image_resource_directory.h">
      <Filter>Header Files\detail\resources</Filter>
    </ClInclude>
    <ClInclude Include="resources\resource_directory.h">
      <Filter>Header Files\resources</Filter>
    </ClInclude>
    <ClInclude Include="resources\resource_directory_loader.h">
      <Filter>Header Files\resources</Filter>
    </ClInclude>
    <ClInclude Include="detail\packed_reflection.h">
      <Filter>Header Files\detail</Filter>
    </ClInclude>
    <ClInclude Include="detail\endian_convert.h">
      <Filter>Header Files\detail</Filter>
    </ClInclude>
    <ClInclude Include="packed_struct.h">
      <Filter>Header Files</Filter>
    </ClInclude>
    <ClInclude Include="packed_c_string.h">
      <Filter>Header Files</Filter>
    </ClInclude>
    <ClInclude Include="packed_byte_array.h">
      <Filter>Header Files</Filter>
    </ClInclude>
    <ClInclude Include="packed_byte_vector.h">
      <Filter>Header Files</Filter>
    </ClInclude>
    <ClInclude Include="packed_utf16_string.h">
      <Filter>Header Files</Filter>
    </ClInclude>
    <ClInclude Include="error_list.h">
      <Filter>Header Files</Filter>
    </ClInclude>
    <ClInclude Include="bit_stream.h">
      <Filter>Header Files</Filter>
    </ClInclude>
    <ClInclude Include="detail\rich\rich_header_utils.h">
      <Filter>Header Files\detail\rich</Filter>
    </ClInclude>
    <ClInclude Include="rich\rich_header.h">
      <Filter>Header Files\rich</Filter>
    </ClInclude>
    <ClInclude Include="rich\rich_compid.h">
      <Filter>Header Files\rich</Filter>
    </ClInclude>
    <ClInclude Include="rich\compid_database.h">
      <Filter>Header Files\rich</Filter>
    </ClInclude>
    <ClInclude Include="rich\rich_header_loader.h">
      <Filter>Header Files\rich</Filter>
    </ClInclude>
    <ClInclude Include="rich\rich_header_builder.h">
      <Filter>Header Files\rich</Filter>
    </ClInclude>
    <ClInclude Include="detail\packed_buffer_serialization.h">
      <Filter>Header Files\detail</Filter>
    </ClInclude>
    <ClInclude Include="section\section_data.h">
      <Filter>Header Files\section</Filter>
    </ClInclude>
    <ClInclude Include="section\section_header.h">
      <Filter>Header Files\section</Filter>
    </ClInclude>
    <ClInclude Include="section\section_search.h">
      <Filter>Header Files\section</Filter>
    </ClInclude>
    <ClInclude Include="section\section_table.h">
      <Filter>Header Files\section</Filter>
    </ClInclude>
    <ClInclude Include="section\section_errc.h">
      <Filter>Header Files\section</Filter>
    </ClInclude>
    <ClInclude Include="dos\dos_header.h">
      <Filter>Header Files\dos</Filter>
    </ClInclude>
    <ClInclude Include="dos\dos_stub.h">
      <Filter>Header Files\dos</Filter>
    </ClInclude>
    <ClInclude Include="dos\dos_header_validator.h">
      <Filter>Header Files\dos</Filter>
    </ClInclude>
    <ClInclude Include="dos\dos_header_errc.h">
      <Filter>Header Files\dos</Filter>
    </ClInclude>
    <ClInclude Include="core\data_directories.h">
      <Filter>Header Files\core</Filter>
    </ClInclude>
    <ClInclude Include="core\file_header.h">
      <Filter>Header Files\core</Filter>
    </ClInclude>
    <ClInclude Include="core\image_signature.h">
      <Filter>Header Files\core</Filter>
    </ClInclude>
    <ClInclude Include="core\optional_header.h">
      <Filter>Header Files\core</Filter>
    </ClInclude>
    <ClInclude Include="core\overlay.h">
      <Filter>Header Files\core</Filter>
    </ClInclude>
    <ClInclude Include="core\image_signature_validator.h">
      <Filter>Header Files\core</Filter>
    </ClInclude>
    <ClInclude Include="core\image_signature_errc.h">
      <Filter>Header Files\core</Filter>
    </ClInclude>
    <ClInclude Include="core\optional_header_errc.h">
      <Filter>Header Files\core</Filter>
    </ClInclude>
    <ClInclude Include="core\optional_header_validator.h">
      <Filter>Header Files\core</Filter>
    </ClInclude>
    <ClInclude Include="section\section_header_validator.h">
      <Filter>Header Files\section</Filter>
    </ClInclude>
    <ClInclude Include="section\section_table_validator.h">
      <Filter>Header Files\section</Filter>
    </ClInclude>
    <ClInclude Include="image\image.h">
      <Filter>Header Files\image</Filter>
    </ClInclude>
    <ClInclude Include="image\image_builder.h">
      <Filter>Header Files\image</Filter>
    </ClInclude>
    <ClInclude Include="image\image_loader.h">
      <Filter>Header Files\image</Filter>
    </ClInclude>
    <ClInclude Include="detail\image\image-inl.h">
      <Filter>Header Files\detail\image</Filter>
    </ClInclude>
    <ClInclude Include="image\image_section_search.h">
      <Filter>Header Files\image</Filter>
    </ClInclude>
    <ClInclude Include="image\rva_file_offset_converter.h">
      <Filter>Header Files\image</Filter>
    </ClInclude>
    <ClInclude Include="image\section_data_length_from_va.h">
      <Filter>Header Files\image</Filter>
    </ClInclude>
    <ClInclude Include="image\section_data_from_va.h">
      <Filter>Header Files\image</Filter>
    </ClInclude>
    <ClInclude Include="image\image_errc.h">
      <Filter>Header Files\image</Filter>
    </ClInclude>
    <ClInclude Include="image\string_from_va.h">
      <Filter>Header Files\image</Filter>
    </ClInclude>
    <ClInclude Include="packed_string_type.h">
      <Filter>Header Files</Filter>
    </ClInclude>
    <ClInclude Include="image\string_to_va.h">
      <Filter>Header Files\image</Filter>
    </ClInclude>
    <ClInclude Include="image\byte_array_from_va.h">
      <Filter>Header Files\image</Filter>
    </ClInclude>
    <ClInclude Include="image\bytes_to_va.h">
      <Filter>Header Files\image</Filter>
    </ClInclude>
    <ClInclude Include="image\byte_vector_from_va.h">
      <Filter>Header Files\image</Filter>
    </ClInclude>
    <ClInclude Include="image\struct_from_va.h">
      <Filter>Header Files\image</Filter>
    </ClInclude>
    <ClInclude Include="image\struct_to_va.h">
      <Filter>Header Files\image</Filter>
    </ClInclude>
    <ClInclude Include="image\buffer_to_va.h">
      <Filter>Header Files\image</Filter>
    </ClInclude>
    <ClInclude Include="detail\load_config\load_config_directory-inl.h">
      <Filter>Header Files\detail\load_config</Filter>
    </ClInclude>
    <ClInclude Include="tls\tls_directory-inl.h">
      <Filter>Header Files\tls</Filter>
    </ClInclude>
    <ClInclude Include="exceptions\arm_common\arm_common_unwind_info-inl.h">
      <Filter>Header Files\exceptions\arm_common</Filter>
    </ClInclude>
    <ClInclude Include="exceptions\x64\x64_exception_directory-inl.h">
      <Filter>Header Files\exceptions\x64</Filter>
    </ClInclude>
    <ClInclude Include="resources\resource_reader.h">
      <Filter>Header Files\resources</Filter>
    </ClInclude>
    <ClInclude Include="resources\resource_types.h">
      <Filter>Header Files\resources</Filter>
    </ClInclude>
    <ClInclude Include="resources\bitmap_reader.h">
      <Filter>Header Files\resources</Filter>
    </ClInclude>
    <ClInclude Include="detail\resources\bitmap.h">
      <Filter>Header Files\detail\resources</Filter>
    </ClInclude>
    <ClInclude Include="resources\bitmap.h">
      <Filter>Header Files\resources</Filter>
    </ClInclude>
    <ClInclude Include="resources\string_table_reader.h">
      <Filter>Header Files\resources</Filter>
    </ClInclude>
    <ClInclude Include="resources\string_table.h">
      <Filter>Header Files\resources</Filter>
    </ClInclude>
    <ClInclude Include="resources\resource_reader_errc.h">
      <Filter>Header Files\resources</Filter>
    </ClInclude>
    <ClInclude Include="resources\bitmap_writer.h">
      <Filter>Header Files\resources</Filter>
    </ClInclude>
    <ClInclude Include="resources\string_table_writer.h">
      <Filter>Header Files\resources</Filter>
    </ClInclude>
    <ClInclude Include="resources\message_table.h">
      <Filter>Header Files\resources</Filter>
    </ClInclude>
    <ClInclude Include="detail\resources\message_table.h">
      <Filter>Header Files\detail\resources</Filter>
    </ClInclude>
    <ClInclude Include="resources\message_table_reader.h">
      <Filter>Header Files\resources</Filter>
    </ClInclude>
    <ClInclude Include="resources\accelerator_table.h">
      <Filter>Header Files\resources</Filter>
    </ClInclude>
    <ClInclude Include="detail\resources\accelerator.h">
      <Filter>Header Files\detail\resources</Filter>
    </ClInclude>
    <ClInclude Include="resources\accelerator_table_reader.h">
      <Filter>Header Files\resources</Filter>
    </ClInclude>
    <ClInclude Include="detail\resources\version_info.h">
      <Filter>Header Files\detail\resources</Filter>
    </ClInclude>
    <ClInclude Include="resources\version_info.h">
      <Filter>Header Files\resources</Filter>
    </ClInclude>
    <ClInclude Include="resources\lcid.h">
      <Filter>Header Files\resources</Filter>
    </ClInclude>
    <ClInclude Include="resources\cpid.h">
      <Filter>Header Files\resources</Filter>
    </ClInclude>
    <ClInclude Include="resources\version_info_reader.h">
      <Filter>Header Files\resources</Filter>
    </ClInclude>
    <ClInclude Include="resources\version_info_block.h">
      <Filter>Header Files\resources</Filter>
    </ClInclude>
    <ClInclude Include="resources\manifest_accessor_interface.h">
      <Filter>Header Files\resources</Filter>
    </ClInclude>
    <ClInclude Include="resources\pugixml_manifest_accessor.h">
      <Filter>Header Files\resources</Filter>
    </ClInclude>
    <ClInclude Include="resources\manifest.h">
      <Filter>Header Files\resources</Filter>
    </ClInclude>
    <ClInclude Include="resources\manifest-inl.h">
      <Filter>Header Files\resources</Filter>
    </ClInclude>
    <ClInclude Include="resources\guid.h">
      <Filter>Header Files\resources</Filter>
    </ClInclude>
    <ClInclude Include="detail\debug\image_debug_directory.h">
      <Filter>Header Files\detail\debug</Filter>
    </ClInclude>
    <ClInclude Include="debug\debug_directory.h">
      <Filter>Header Files\debug</Filter>
    </ClInclude>
    <ClInclude Include="debug\debug_directory_loader.h">
      <Filter>Header Files\debug</Filter>
    </ClInclude>
    <ClInclude Include="image\checksum.h">
      <Filter>Header Files\image</Filter>
    </ClInclude>
    <ClInclude Include="image\shannon_entropy.h">
      <Filter>Header Files\image</Filter>
    </ClInclude>
    <ClInclude Include="detail\dotnet\image_dotnet_directory.h">
      <Filter>Header Files\detail\dotnet</Filter>
    </ClInclude>
    <ClInclude Include="dotnet\dotnet_directory.h">
      <Filter>Header Files\dotnet</Filter>
    </ClInclude>
    <ClInclude Include="dotnet\dotnet_directory_loader.h">
      <Filter>Header Files\dotnet</Filter>
    </ClInclude>
  </ItemGroup>
  <ItemGroup>
    <ClCompile Include="address_converter.cpp">
      <Filter>Source Files</Filter>
    </ClCompile>
    <ClCompile Include="exports\export_directory_loader.cpp">
      <Filter>Source Files\exports</Filter>
    </ClCompile>
    <ClCompile Include="exports\export_directory_builder.cpp">
      <Filter>Source Files\exports</Filter>
    </ClCompile>
    <ClCompile Include="exports\export_directory.cpp">
      <Filter>Source Files\exports</Filter>
    </ClCompile>
    <ClCompile Include="exports\exported_address.cpp">
      <Filter>Source Files\exports</Filter>
    </ClCompile>
    <ClCompile Include="imports\import_directory_loader.cpp">
      <Filter>Source Files\imports</Filter>
    </ClCompile>
    <ClCompile Include="imports\import_directory_builder.cpp">
      <Filter>Source Files\imports</Filter>
    </ClCompile>
    <ClCompile Include="bound_import\bound_import_directory_loader.cpp">
      <Filter>Source Files\bound_import</Filter>
    </ClCompile>
    <ClCompile Include="bound_import\bound_import_directory_builder.cpp">
      <Filter>Source Files\bound_import</Filter>
    </ClCompile>
    <ClCompile Include="relocations\relocation_entry.cpp">
      <Filter>Source Files\relocations</Filter>
    </ClCompile>
    <ClCompile Include="relocations\relocation_directory_loader.cpp">
      <Filter>Source Files\relocations</Filter>
    </ClCompile>
    <ClCompile Include="relocations\image_rebase.cpp">
      <Filter>Source Files\relocations</Filter>
    </ClCompile>
    <ClCompile Include="relocations\relocation_directory_builder.cpp">
      <Filter>Source Files\relocations</Filter>
    </ClCompile>
    <ClCompile Include="tls\tls_directory_loader.cpp">
      <Filter>Source Files\tls</Filter>
    </ClCompile>
    <ClCompile Include="tls\tls_directory_builder.cpp">
      <Filter>Source Files\tls</Filter>
    </ClCompile>
    <ClCompile Include="load_config\load_config_directory.cpp">
      <Filter>Source Files\load_config</Filter>
    </ClCompile>
    <ClCompile Include="load_config\load_config_directory_loader.cpp">
      <Filter>Source Files\load_config</Filter>
    </ClCompile>
    <ClCompile Include="exceptions\x64\x64_exception_directory.cpp">
      <Filter>Source Files\exceptions\x64</Filter>
    </ClCompile>
    <ClCompile Include="exceptions\exception_directory_loader.cpp">
      <Filter>Source Files\exceptions</Filter>
    </ClCompile>
    <ClCompile Include="exceptions\x64\x64_exception_directory_loader.cpp">
      <Filter>Source Files\exceptions\x64</Filter>
    </ClCompile>
    <ClCompile Include="exceptions\arm64\arm64_exception_directory.cpp">
      <Filter>Source Files\exceptions\arm64</Filter>
    </ClCompile>
    <ClCompile Include="exceptions\arm64\arm64_exception_directory_loader.cpp">
      <Filter>Source Files\exceptions\arm64</Filter>
    </ClCompile>
    <ClCompile Include="exceptions\arm\arm_exception_directory.cpp">
      <Filter>Source Files\exceptions\arm</Filter>
    </ClCompile>
    <ClCompile Include="exceptions\arm_common\arm_common_unwind_info.cpp">
      <Filter>Source Files\exceptions\arm_common</Filter>
    </ClCompile>
    <ClCompile Include="exceptions\arm\arm_exception_directory_loader.cpp">
      <Filter>Source Files\exceptions\arm</Filter>
    </ClCompile>
    <ClCompile Include="exceptions\arm_common\arm_common_exception_directory_loader.cpp">
      <Filter>Source Files\exceptions\arm_common</Filter>
    </ClCompile>
    <ClCompile Include="resources\resource_directory_loader.cpp">
      <Filter>Source Files\resources</Filter>
    </ClCompile>
    <ClCompile Include="packed_c_string.cpp">
      <Filter>Source Files</Filter>
    </ClCompile>
    <ClCompile Include="packed_byte_array.cpp">
      <Filter>Source Files</Filter>
    </ClCompile>
    <ClCompile Include="packed_byte_vector.cpp">
      <Filter>Source Files</Filter>
    </ClCompile>
    <ClCompile Include="packed_utf16_string.cpp">
      <Filter>Source Files</Filter>
    </ClCompile>
    <ClCompile Include="error_list.cpp">
      <Filter>Source Files</Filter>
    </ClCompile>
    <ClCompile Include="detail\rich\rich_header_utils.cpp">
      <Filter>Source Files\detail\rich</Filter>
    </ClCompile>
    <ClCompile Include="rich\rich_header_loader.cpp">
      <Filter>Source Files\rich</Filter>
    </ClCompile>
    <ClCompile Include="rich\compid_database.cpp">
      <Filter>Source Files\rich</Filter>
    </ClCompile>
    <ClCompile Include="rich\rich_header.cpp">
      <Filter>Source Files\rich</Filter>
    </ClCompile>
    <ClCompile Include="rich\rich_compid.cpp">
      <Filter>Source Files\rich</Filter>
    </ClCompile>
    <ClCompile Include="rich\rich_header_builder.cpp">
      <Filter>Source Files\rich</Filter>
    </ClCompile>
    <ClCompile Include="section\section_data.cpp">
      <Filter>Source Files\section</Filter>
    </ClCompile>
    <ClCompile Include="section\section_header.cpp">
      <Filter>Source Files\section</Filter>
    </ClCompile>
    <ClCompile Include="section\section_search.cpp">
      <Filter>Source Files\section</Filter>
    </ClCompile>
    <ClCompile Include="section\section_table.cpp">
      <Filter>Source Files\section</Filter>
    </ClCompile>
    <ClCompile Include="section\section_errc.cpp">
      <Filter>Source Files\section</Filter>
    </ClCompile>
    <ClCompile Include="dos\dos_header.cpp">
      <Filter>Source Files\dos</Filter>
    </ClCompile>
    <ClCompile Include="dos\dos_stub.cpp">
      <Filter>Source Files\dos</Filter>
    </ClCompile>
    <ClCompile Include="dos\dos_header_errc.cpp">
      <Filter>Source Files\dos</Filter>
    </ClCompile>
    <ClCompile Include="dos\dos_header_validator.cpp">
      <Filter>Source Files\dos</Filter>
    </ClCompile>
    <ClCompile Include="core\data_directories.cpp">
      <Filter>Source Files\core</Filter>
    </ClCompile>
    <ClCompile Include="core\file_header.cpp">
      <Filter>Source Files\core</Filter>
    </ClCompile>
    <ClCompile Include="core\image_signature.cpp">
      <Filter>Source Files\core</Filter>
    </ClCompile>
    <ClCompile Include="core\optional_header.cpp">
      <Filter>Source Files\core</Filter>
    </ClCompile>
    <ClCompile Include="core\image_signature_errc.cpp">
      <Filter>Source Files\core</Filter>
    </ClCompile>
    <ClCompile Include="core\image_signature_validator.cpp">
      <Filter>Source Files\core</Filter>
    </ClCompile>
    <ClCompile Include="core\optional_header_errc.cpp">
      <Filter>Source Files\core</Filter>
    </ClCompile>
    <ClCompile Include="core\optional_header_validator.cpp">
      <Filter>Source Files\core</Filter>
    </ClCompile>
    <ClCompile Include="section\section_header_validator.cpp">
      <Filter>Source Files\section</Filter>
    </ClCompile>
    <ClCompile Include="section\section_table_validator.cpp">
      <Filter>Source Files\section</Filter>
    </ClCompile>
    <ClCompile Include="image\image.cpp">
      <Filter>Source Files\image</Filter>
    </ClCompile>
    <ClCompile Include="image\image_builder.cpp">
      <Filter>Source Files\image</Filter>
    </ClCompile>
    <ClCompile Include="image\image_loader.cpp">
      <Filter>Source Files\image</Filter>
    </ClCompile>
    <ClCompile Include="image\image_section_search.cpp">
      <Filter>Source Files\image</Filter>
    </ClCompile>
    <ClCompile Include="image\rva_file_offset_converter.cpp">
      <Filter>Source Files\image</Filter>
    </ClCompile>
    <ClCompile Include="image\section_data_length_from_va.cpp">
      <Filter>Source Files\image</Filter>
    </ClCompile>
    <ClCompile Include="image\section_data_from_va.cpp">
      <Filter>Source Files\image</Filter>
    </ClCompile>
    <ClCompile Include="image\image_errc.cpp">
      <Filter>Source Files\image</Filter>
    </ClCompile>
    <ClCompile Include="image\string_from_va.cpp">
      <Filter>Source Files\image</Filter>
    </ClCompile>
    <ClCompile Include="image\string_to_va.cpp">
      <Filter>Source Files\image</Filter>
    </ClCompile>
    <ClCompile Include="image\byte_vector_from_va.cpp">
      <Filter>Source Files\image</Filter>
    </ClCompile>
    <ClCompile Include="image\buffer_to_va.cpp">
      <Filter>Source Files\image</Filter>
    </ClCompile>
    <ClCompile Include="core\overlay.cpp">
      <Filter>Source Files\core</Filter>
    </ClCompile>
    <ClCompile Include="tls\tls_directory.cpp">
      <Filter>Source Files\tls</Filter>
    </ClCompile>
    <ClCompile Include="resources\resource_reader.cpp">
      <Filter>Source Files\resources</Filter>
    </ClCompile>
    <ClCompile Include="resources\resource_directory.cpp">
      <Filter>Source Files\resources</Filter>
    </ClCompile>
    <ClCompile Include="resources\bitmap_reader.cpp">
      <Filter>Source Files\resources</Filter>
    </ClCompile>
    <ClCompile Include="resources\bitmap_writer.cpp">
      <Filter>Source Files\resources</Filter>
    </ClCompile>
    <ClCompile Include="resources\string_table_reader.cpp">
      <Filter>Source Files\resources</Filter>
    </ClCompile>
    <ClCompile Include="resources\resource_reader_errc.cpp">
      <Filter>Source Files\resources</Filter>
    </ClCompile>
    <ClCompile Include="resources\string_table.cpp">
      <Filter>Source Files\resources</Filter>
    </ClCompile>
    <ClCompile Include="resources\string_table_writer.cpp">
      <Filter>Source Files\resources</Filter>
    </ClCompile>
    <ClCompile Include="resources\message_table_reader.cpp">
      <Filter>Source Files\resources</Filter>
    </ClCompile>
    <ClCompile Include="resources\message_table.cpp">
      <Filter>Source Files\resources</Filter>
    </ClCompile>
    <ClCompile Include="resources\accelerator_table_reader.cpp">
      <Filter>Source Files\resources</Filter>
    </ClCompile>
    <ClCompile Include="resources\accelerator_table.cpp">
      <Filter>Source Files\resources</Filter>
    </ClCompile>
    <ClCompile Include="resources\lcid.cpp">
      <Filter>Source Files\resources</Filter>
    </ClCompile>
    <ClCompile Include="resources\cpid.cpp">
      <Filter>Source Files\resources</Filter>
    </ClCompile>
    <ClCompile Include="resources\version_info_reader.cpp">
      <Filter>Source Files\resources</Filter>
    </ClCompile>
    <ClCompile Include="resources\version_info.cpp">
      <Filter>Source Files\resources</Filter>
    </ClCompile>
    <ClCompile Include="resources\pugixml_manifest_accessor.cpp">
      <Filter>Source Files\resources</Filter>
    </ClCompile>
    <ClCompile Include="resources\manifest_accessor_interface.cpp">
      <Filter>Source Files\resources</Filter>
    </ClCompile>
    <ClCompile Include="resources\manifest.cpp">
      <Filter>Source Files\resources</Filter>
    </ClCompile>
    <ClCompile Include="resources\guid.cpp">
      <Filter>Source Files\resources</Filter>
    </ClCompile>
    <ClCompile Include="debug\debug_directory.cpp">
      <Filter>Source Files\debug</Filter>
    </ClCompile>
    <ClCompile Include="debug\debug_directory_loader.cpp">
      <Filter>Source Files\debug</Filter>
    </ClCompile>
    <ClCompile Include="image\checksum.cpp">
      <Filter>Source Files\image</Filter>
    </ClCompile>
    <ClCompile Include="image\shannon_entropy.cpp">
      <Filter>Source Files\image</Filter>
    </ClCompile>
    <ClCompile Include="dotnet\dotnet_directory.cpp">
      <Filter>Source Files\dotnet</Filter>
    </ClCompile>
    <ClCompile Include="dotnet\dotnet_directory_loader.cpp">
      <Filter>Source Files\dotnet</Filter>
    </ClCompile>
  </ItemGroup>
</Project>