<?xml version="1.0" encoding="utf-8"?>
<Project ToolsVersion="4.0" xmlns="http://schemas.microsoft.com/developer/msbuild/2003">
  <ItemGroup>
    <Filter Include="Source Files">
      <UniqueIdentifier>{4FC737F1-C7A5-4376-A066-2A32D752A2FF}</UniqueIdentifier>
      <Extensions>cpp;c;cc;cxx;c++;cppm;ixx;def;odl;idl;hpj;bat;asm;asmx</Extensions>
    </Filter>
    <Filter Include="Header Files">
      <UniqueIdentifier>{93995380-89BD-4b04-88EB-625FBE52EBFB}</UniqueIdentifier>
      <Extensions>h;hh;hpp;hxx;h++;hm;inl;inc;ipp;xsd</Extensions>
    </Filter>
    <Filter Include="Resource Files">
      <UniqueIdentifier>{67DA6AB6-F800-4c08-8B7A-83BB121AAD01}</UniqueIdentifier>
      <Extensions>rc;ico;cur;bmp;dlg;rc2;rct;bin;rgs;gif;jpg;jpeg;jpe;resx;tiff;tif;png;wav;mfcribbon-ms</Extensions>
    </Filter>
    <Filter Include="Source Files\tests">
      <UniqueIdentifier>{e1a14868-eff0-4b4e-aa0a-b870a9c831c8}</UniqueIdentifier>
    </Filter>
    <Filter Include="Source Files\tests\utilities">
      <UniqueIdentifier>{f939127e-add8-42e2-949f-ed5361d1ec92}</UniqueIdentifier>
    </Filter>
    <Filter Include="Source Files\tests\buffers">
      <UniqueIdentifier>{dfadbe09-adcb-4a3b-986e-f64fecc32aaa}</UniqueIdentifier>
    </Filter>
    <Filter Include="Source Files\tests\pe_bliss2">
      <UniqueIdentifier>{66b88b02-814d-4817-9697-431466b4ec28}</UniqueIdentifier>
    </Filter>
    <Filter Include="Source Files\tests\pe_bliss2\directories">
      <UniqueIdentifier>{e34f309e-3d1e-4178-bd26-cca9afef4023}</UniqueIdentifier>
    </Filter>
    <Filter Include="Source Files\tests\pe_bliss2\directories\security">
      <UniqueIdentifier>{4efe418a-1b42-4128-aa17-c0186c4ac1fa}</UniqueIdentifier>
    </Filter>
  </ItemGroup>
  <ItemGroup>
    <ClCompile Include="main.cpp">
      <Filter>Source Files</Filter>
    </ClCompile>
    <ClCompile Include="..\external\googletest\googletest\src\gtest-all.cc">
      <Filter>Source Files</Filter>
    </ClCompile>
    <ClCompile Include="..\external\googletest\googlemock\src\gmock-all.cc">
      <Filter>Source Files</Filter>
    </ClCompile>
    <ClCompile Include="tests\utilities\math_tests.cpp">
      <Filter>Source Files\tests\utilities</Filter>
    </ClCompile>
    <ClCompile Include="tests\utilities\scoped_guard_tests.cpp">
      <Filter>Source Files\tests\utilities</Filter>
    </ClCompile>
    <ClCompile Include="tests\utilities\static_class_tests.cpp">
      <Filter>Source Files\tests\utilities</Filter>
    </ClCompile>
    <ClCompile Include="tests\utilities\safe_uint_tests.cpp">
      <Filter>Source Files\tests\utilities</Filter>
    </ClCompile>
    <ClCompile Include="tests\buffers\input_memory_buffer_tests.cpp">
      <Filter>Source Files\tests\buffers</Filter>
    </ClCompile>
    <ClCompile Include="tests\buffers\input_container_buffer_tests.cpp">
      <Filter>Source Files\tests\buffers</Filter>
    </ClCompile>
    <ClCompile Include="tests\buffers\input_stream_buffer_tests.cpp">
      <Filter>Source Files\tests\buffers</Filter>
    </ClCompile>
    <ClCompile Include="tests\buffers\input_buffer_section_tests.cpp">
      <Filter>Source Files\tests\buffers</Filter>
    </ClCompile>
    <ClCompile Include="tests\buffers\output_memory_buffer_tests.cpp">
      <Filter>Source Files\tests\buffers</Filter>
    </ClCompile>
    <ClCompile Include="tests\buffers\output_memory_ref_buffer_tests.cpp">
      <Filter>Source Files\tests\buffers</Filter>
    </ClCompile>
    <ClCompile Include="tests\buffers\output_stream_buffer_tests.cpp">
      <Filter>Source Files\tests\buffers</Filter>
    </ClCompile>
    <ClCompile Include="tests\buffers\buffer_copy_tests.cpp">
      <Filter>Source Files\tests\buffers</Filter>
    </ClCompile>
    <ClCompile Include="tests\buffers\ref_buffer_tests.cpp">
      <Filter>Source Files\tests\buffers</Filter>
    </ClCompile>
    <ClCompile Include="tests\pe_bliss2\packed_reflection_tests.cpp">
      <Filter>Source Files\tests\pe_bliss2</Filter>
    </ClCompile>
    <ClCompile Include="tests\pe_bliss2\packed_serialization_tests.cpp">
      <Filter>Source Files\tests\pe_bliss2</Filter>
    </ClCompile>
    <ClCompile Include="tests\pe_bliss2\endian_convert_tests.cpp">
      <Filter>Source Files\tests\pe_bliss2</Filter>
    </ClCompile>
    <ClCompile Include="tests\pe_bliss2\packed_struct_tests.cpp">
      <Filter>Source Files\tests\pe_bliss2</Filter>
    </ClCompile>
    <ClCompile Include="tests\pe_bliss2\packed_c_string_tests.cpp">
      <Filter>Source Files\tests\pe_bliss2</Filter>
    </ClCompile>
    <ClCompile Include="tests\pe_bliss2\packed_byte_array_tests.cpp">
      <Filter>Source Files\tests\pe_bliss2</Filter>
    </ClCompile>
    <ClCompile Include="tests\pe_bliss2\packed_byte_vector_tests.cpp">
      <Filter>Source Files\tests\pe_bliss2</Filter>
    </ClCompile>
    <ClCompile Include="tests\pe_bliss2\packed_utf16_string_tests.cpp">
      <Filter>Source Files\tests\pe_bliss2</Filter>
    </ClCompile>
    <ClCompile Include="tests\pe_bliss2\error_list_tests.cpp">
      <Filter>Source Files\tests\pe_bliss2</Filter>
    </ClCompile>
    <ClCompile Include="tests\pe_bliss2\bit_stream_tests.cpp">
      <Filter>Source Files\tests\pe_bliss2</Filter>
    </ClCompile>
    <ClCompile Include="tests\pe_bliss2\pe_error_tests.cpp">
      <Filter>Source Files\tests\pe_bliss2</Filter>
    </ClCompile>
    <ClCompile Include="tests\pe_bliss2\dos_stub_tests.cpp">
      <Filter>Source Files\tests\pe_bliss2</Filter>
    </ClCompile>
    <ClCompile Include="tests\pe_bliss2\section_header_tests.cpp">
      <Filter>Source Files\tests\pe_bliss2</Filter>
    </ClCompile>
    <ClCompile Include="tests\pe_bliss2\section_data_tests.cpp">
      <Filter>Source Files\tests\pe_bliss2</Filter>
    </ClCompile>
    <ClCompile Include="tests\pe_bliss2\section_search_tests.cpp">
      <Filter>Source Files\tests\pe_bliss2</Filter>
    </ClCompile>
    <ClCompile Include="tests\pe_bliss2\compid_database_tests.cpp">
      <Filter>Source Files\tests\pe_bliss2</Filter>
    </ClCompile>
    <ClCompile Include="tests\pe_bliss2\data_directories_tests.cpp">
      <Filter>Source Files\tests\pe_bliss2</Filter>
    </ClCompile>
    <ClCompile Include="tests\pe_bliss2\dos_header_tests.cpp">
      <Filter>Source Files\tests\pe_bliss2</Filter>
    </ClCompile>
    <ClCompile Include="tests\pe_bliss2\optional_header_tests.cpp">
      <Filter>Source Files\tests\pe_bliss2</Filter>
    </ClCompile>
    <ClCompile Include="tests\pe_bliss2\image_signature_tests.cpp">
      <Filter>Source Files\tests\pe_bliss2</Filter>
    </ClCompile>
    <ClCompile Include="tests\pe_bliss2\file_header_tests.cpp">
      <Filter>Source Files\tests\pe_bliss2</Filter>
    </ClCompile>
    <ClCompile Include="tests\pe_bliss2\rich_header_tests.cpp">
      <Filter>Source Files\tests\pe_bliss2</Filter>
    </ClCompile>
    <ClCompile Include="tests\pe_bliss2\section_table_tests.cpp">
      <Filter>Source Files\tests\pe_bliss2</Filter>
    </ClCompile>
    <ClCompile Include="tests\pe_bliss2\address_converter_tests.cpp">
      <Filter>Source Files\tests\pe_bliss2</Filter>
    </ClCompile>
    <ClCompile Include="tests\pe_bliss2\image_tests.cpp">
      <Filter>Source Files\tests\pe_bliss2</Filter>
    </ClCompile>
    <ClCompile Include="tests\pe_bliss2\rva_file_offset_converter_tests.cpp">
      <Filter>Source Files\tests\pe_bliss2</Filter>
    </ClCompile>
    <ClCompile Include="tests\pe_bliss2\image_section_search_tests.cpp">
      <Filter>Source Files\tests\pe_bliss2</Filter>
    </ClCompile>
    <ClCompile Include="tests\pe_bliss2\section_data_length_from_rva_tests.cpp">
      <Filter>Source Files\tests\pe_bliss2</Filter>
    </ClCompile>
    <ClCompile Include="tests\pe_bliss2\section_data_from_rva_tests.cpp">
      <Filter>Source Files\tests\pe_bliss2</Filter>
    </ClCompile>
    <ClCompile Include="tests\pe_bliss2\string_from_va_tests.cpp">
      <Filter>Source Files\tests\pe_bliss2</Filter>
    </ClCompile>
    <ClCompile Include="tests\pe_bliss2\byte_array_from_va_tests.cpp">
      <Filter>Source Files\tests\pe_bliss2</Filter>
    </ClCompile>
    <ClCompile Include="tests\pe_bliss2\byte_vector_from_va_tests.cpp">
      <Filter>Source Files\tests\pe_bliss2</Filter>
    </ClCompile>
    <ClCompile Include="tests\pe_bliss2\struct_from_va_tests.cpp">
      <Filter>Source Files\tests\pe_bliss2</Filter>
    </ClCompile>
    <ClCompile Include="tests\pe_bliss2\buffer_to_va_tests.cpp">
      <Filter>Source Files\tests\pe_bliss2</Filter>
    </ClCompile>
    <ClCompile Include="tests\pe_bliss2\bytes_to_va_tests.cpp">
      <Filter>Source Files\tests\pe_bliss2</Filter>
    </ClCompile>
    <ClCompile Include="tests\pe_bliss2\string_to_va_tests.cpp">
      <Filter>Source Files\tests\pe_bliss2</Filter>
    </ClCompile>
    <ClCompile Include="tests\pe_bliss2\struct_to_va_tests.cpp">
      <Filter>Source Files\tests\pe_bliss2</Filter>
    </ClCompile>
    <ClCompile Include="tests\pe_bliss2\image_loader_tests.cpp">
      <Filter>Source Files\tests\pe_bliss2</Filter>
    </ClCompile>
    <ClCompile Include="tests\pe_bliss2\overlay_tests.cpp">
      <Filter>Source Files\tests\pe_bliss2</Filter>
    </ClCompile>
    <ClCompile Include="tests\pe_bliss2\image_builder_tests.cpp">
      <Filter>Source Files\tests\pe_bliss2</Filter>
    </ClCompile>
    <ClCompile Include="tests\pe_bliss2\directories\export_loader_tests.cpp">
      <Filter>Source Files\tests\pe_bliss2\directories</Filter>
    </ClCompile>
    <ClCompile Include="tests\pe_bliss2\directories\export_directory_tests.cpp">
      <Filter>Source Files\tests\pe_bliss2\directories</Filter>
    </ClCompile>
    <ClCompile Include="tests\pe_bliss2\directories\exported_address_tests.cpp">
      <Filter>Source Files\tests\pe_bliss2\directories</Filter>
    </ClCompile>
    <ClCompile Include="tests\pe_bliss2\directories\imported_directory_tests.cpp">
      <Filter>Source Files\tests\pe_bliss2\directories</Filter>
    </ClCompile>
    <ClCompile Include="tests\pe_bliss2\directories\import_loader_tests.cpp">
      <Filter>Source Files\tests\pe_bliss2\directories</Filter>
    </ClCompile>
    <ClCompile Include="tests\pe_bliss2\directories\tls_loader_tests.cpp">
      <Filter>Source Files\tests\pe_bliss2\directories</Filter>
    </ClCompile>
    <ClCompile Include="tests\pe_bliss2\directories\bound_import_loader_tests.cpp">
      <Filter>Source Files\tests\pe_bliss2\directories</Filter>
    </ClCompile>
    <ClCompile Include="tests\pe_bliss2\directories\rebase_tests.cpp">
      <Filter>Source Files\tests\pe_bliss2\directories</Filter>
    </ClCompile>
    <ClCompile Include="tests\pe_bliss2\directories\relocation_entry_tests.cpp">
      <Filter>Source Files\tests\pe_bliss2\directories</Filter>
    </ClCompile>
    <ClCompile Include="tests\buffers\input_virtual_buffer_tests.cpp">
      <Filter>Source Files\tests\buffers</Filter>
    </ClCompile>
    <ClCompile Include="tests\pe_bliss2\image_helper.cpp">
      <Filter>Source Files\tests\pe_bliss2</Filter>
    </ClCompile>
    <ClCompile Include="tests\pe_bliss2\directories\relocation_loader_tests.cpp">
      <Filter>Source Files\tests\pe_bliss2\directories</Filter>
    </ClCompile>
    <ClCompile Include="tests\pe_bliss2\directories\load_config_directory_tests.cpp">
      <Filter>Source Files\tests\pe_bliss2\directories</Filter>
    </ClCompile>
    <ClCompile Include="tests\pe_bliss2\directories\tls_directory_tests.cpp">
      <Filter>Source Files\tests\pe_bliss2\directories</Filter>
    </ClCompile>
    <ClCompile Include="tests\pe_bliss2\load_config_loader_tests.cpp">
      <Filter>Source Files\tests\pe_bliss2\directories</Filter>
    </ClCompile>
    <ClCompile Include="tests\pe_bliss2\directories\arm_common_unwind_info_tests.cpp">
      <Filter>Source Files\tests\pe_bliss2\directories</Filter>
    </ClCompile>
    <ClCompile Include="tests\pe_bliss2\directories\arm_common_exceptions_loader_tests.cpp">
      <Filter>Source Files\tests\pe_bliss2\directories</Filter>
    </ClCompile>
    <ClCompile Include="tests\pe_bliss2\directories\arm_exception_directory_tests.cpp">
      <Filter>Source Files\tests\pe_bliss2\directories</Filter>
    </ClCompile>
    <ClCompile Include="tests\pe_bliss2\directories\arm_exception_loader_tests.cpp">
      <Filter>Source Files\tests\pe_bliss2\directories</Filter>
    </ClCompile>
    <ClCompile Include="tests\pe_bliss2\directories\arm64_exception_directory_tests.cpp">
      <Filter>Source Files\tests\pe_bliss2\directories</Filter>
    </ClCompile>
    <ClCompile Include="tests\pe_bliss2\directories\arm64_exception_loader_tests.cpp">
      <Filter>Source Files\tests\pe_bliss2\directories</Filter>
    </ClCompile>
    <ClCompile Include="tests\pe_bliss2\directories\x64_exception_directory_tests.cpp">
      <Filter>Source Files\tests\pe_bliss2\directories</Filter>
    </ClCompile>
    <ClCompile Include="tests\pe_bliss2\directories\x64_exceptions_loader_tests.cpp">
      <Filter>Source Files\tests\pe_bliss2\directories</Filter>
    </ClCompile>
    <ClCompile Include="tests\pe_bliss2\directories\resource_directory_tests.cpp">
      <Filter>Source Files\tests\pe_bliss2\directories</Filter>
    </ClCompile>
    <ClCompile Include="tests\pe_bliss2\directories\resources_loader_tests.cpp">
      <Filter>Source Files\tests\pe_bliss2\directories</Filter>
    </ClCompile>
    <ClCompile Include="tests\pe_bliss2\directories\resource_reader_tests.cpp">
      <Filter>Source Files\tests\pe_bliss2\directories</Filter>
    </ClCompile>
    <ClCompile Include="tests\pe_bliss2\directories\bitmap_reader_writer_tests.cpp">
      <Filter>Source Files\tests\pe_bliss2\directories</Filter>
    </ClCompile>
    <ClCompile Include="tests\pe_bliss2\directories\string_table_tests.cpp">
      <Filter>Source Files\tests\pe_bliss2\directories</Filter>
    </ClCompile>
    <ClCompile Include="tests\pe_bliss2\directories\string_table_reader_writer_tests.cpp">
      <Filter>Source Files\tests\pe_bliss2\directories</Filter>
    </ClCompile>
    <ClCompile Include="tests\pe_bliss2\directories\message_table_reader_tests.cpp">
      <Filter>Source Files\tests\pe_bliss2\directories</Filter>
    </ClCompile>
    <ClCompile Include="tests\pe_bliss2\directories\accelerator_table_tests.cpp">
      <Filter>Source Files\tests\pe_bliss2\directories</Filter>
    </ClCompile>
    <ClCompile Include="tests\pe_bliss2\directories\accelerator_table_loader_tests.cpp">
      <Filter>Source Files\tests\pe_bliss2\directories</Filter>
    </ClCompile>
    <ClCompile Include="tests\pe_bliss2\directories\version_info_tests.cpp">
      <Filter>Source Files\tests\pe_bliss2\directories</Filter>
    </ClCompile>
    <ClCompile Include="tests\pe_bliss2\directories\version_info_reader_tests.cpp">
      <Filter>Source Files\tests\pe_bliss2\directories</Filter>
    </ClCompile>
    <ClCompile Include="tests\pe_bliss2\directories\guid_tests.cpp">
      <Filter>Source Files\tests\pe_bliss2\directories</Filter>
    </ClCompile>
    <ClCompile Include="tests\pe_bliss2\directories\manifest_tests.cpp">
      <Filter>Source Files\tests\pe_bliss2\directories</Filter>
    </ClCompile>
    <ClCompile Include="tests\utilities\string_tests.cpp">
      <Filter>Source Files\tests\utilities</Filter>
    </ClCompile>
    <ClCompile Include="tests\pe_bliss2\directories\pugixml_manifest_accessor_tests.cpp">
      <Filter>Source Files\tests\pe_bliss2\directories</Filter>
    </ClCompile>
    <ClCompile Include="tests\pe_bliss2\directories\debug_directory_tests.cpp">
      <Filter>Source Files\tests\pe_bliss2\directories</Filter>
    </ClCompile>
    <ClCompile Include="tests\pe_bliss2\directories\debug_loader_tests.cpp">
      <Filter>Source Files\tests\pe_bliss2\directories</Filter>
    </ClCompile>
    <ClCompile Include="tests\pe_bliss2\checksum_tests.cpp">
      <Filter>Source Files\tests\pe_bliss2</Filter>
    </ClCompile>
    <ClCompile Include="tests\utilities\shannon_entropy_tests.cpp">
      <Filter>Source Files\tests\utilities</Filter>
    </ClCompile>
    <ClCompile Include="tests\pe_bliss2\image_shannon_entropy_tests.cpp">
      <Filter>Source Files\tests\pe_bliss2</Filter>
    </ClCompile>
    <ClCompile Include="tests\pe_bliss2\directories\dotnet_directory_tests.cpp">
      <Filter>Source Files\tests\pe_bliss2\directories</Filter>
    </ClCompile>
    <ClCompile Include="tests\pe_bliss2\directories\dotnet_loader_tests.cpp">
      <Filter>Source Files\tests\pe_bliss2\directories</Filter>
    </ClCompile>
    <ClCompile Include="tests\pe_bliss2\directories\icon_cursor_reader_tests.cpp">
      <Filter>Source Files\tests\pe_bliss2\directories</Filter>
    </ClCompile>
    <ClCompile Include="tests\pe_bliss2\directories\resource_writer_tests.cpp">
      <Filter>Source Files\tests\pe_bliss2\directories</Filter>
    </ClCompile>
    <ClCompile Include="tests\pe_bliss2\directories\icon_cursor_validation_tests.cpp">
      <Filter>Source Files\tests\pe_bliss2\directories</Filter>
    </ClCompile>
    <ClCompile Include="tests\pe_bliss2\directories\icon_cursor_writer_tests.cpp">
      <Filter>Source Files\tests\pe_bliss2\directories</Filter>
    </ClCompile>
    <ClCompile Include="tests\pe_bliss2\directories\security_directory_loader_tests.cpp">
      <Filter>Source Files\tests\pe_bliss2\directories</Filter>
    </ClCompile>
    <ClCompile Include="tests\utilities\range_helpers_tests.cpp">
      <Filter>Source Files\tests\utilities</Filter>
    </ClCompile>
    <ClCompile Include="tests\pe_bliss2\directories\security\x509_certificate_tests.cpp">
      <Filter>Source Files\tests\pe_bliss2\directories\security</Filter>
    </ClCompile>
    <ClCompile Include="tests\pe_bliss2\directories\security\x509_certificate_store_tests.cpp">
      <Filter>Source Files\tests\pe_bliss2\directories\security</Filter>
    </ClCompile>
    <ClCompile Include="tests\pe_bliss2\directories\security\buffer_hash_tests.cpp">
      <Filter>Source Files\tests\pe_bliss2\directories\security</Filter>
    </ClCompile>
    <ClCompile Include="tests\pe_bliss2\directories\security\hash_helpers_tests.cpp">
      <Filter>Source Files\tests\pe_bliss2\directories\security</Filter>
    </ClCompile>
    <ClCompile Include="tests\pe_bliss2\directories\security\crypto_algorithms_tests.cpp">
      <Filter>Source Files\tests\pe_bliss2\directories\security</Filter>
    </ClCompile>
    <ClCompile Include="tests\pe_bliss2\directories\security\signer_info_ref_tests.cpp">
      <Filter>Source Files\tests\pe_bliss2\directories\security</Filter>
    </ClCompile>
    <ClCompile Include="tests\pe_bliss2\directories\security\attribute_map_tests.cpp">
      <Filter>Source Files\tests\pe_bliss2\directories\security</Filter>
    </ClCompile>
    <ClCompile Include="tests\pe_bliss2\directories\security\pkcs7_tests.cpp">
      <Filter>Source Files\tests\pe_bliss2\directories\security</Filter>
    </ClCompile>
    <ClCompile Include="tests\pe_bliss2\directories\security\pkcs7_format_validator_tests.cpp">
      <Filter>Source Files\tests\pe_bliss2\directories\security</Filter>
    </ClCompile>
    <ClCompile Include="tests\pe_bliss2\directories\security\authenticode_pkcs7_tests.cpp">
      <Filter>Source Files\tests\pe_bliss2\directories\security</Filter>
    </ClCompile>
    <ClCompile Include="tests\pe_bliss2\directories\security\authenticode_program_info_tests.cpp">
      <Filter>Source Files\tests\pe_bliss2\directories\security</Filter>
    </ClCompile>
    <ClCompile Include="tests\pe_bliss2\directories\security\authenticode_format_validator_tests.cpp">
      <Filter>Source Files\tests\pe_bliss2\directories\security</Filter>
    </ClCompile>
    <ClCompile Include="tests\pe_bliss2\directories\security\pkcs7_signature_tests.cpp">
      <Filter>Source Files\tests\pe_bliss2\directories\security</Filter>
    </ClCompile>
    <ClCompile Include="tests\pe_bliss2\directories\security\image_hash_tests.cpp">
      <Filter>Source Files\tests\pe_bliss2\directories\security</Filter>
    </ClCompile>
    <ClCompile Include="tests\pe_bliss2\directories\security\authenticode_page_hashes_tests.cpp">
      <Filter>Source Files\tests\pe_bliss2\directories\security</Filter>
    </ClCompile>
    <ClCompile Include="tests\pe_bliss2\directories\security\authenticode_loader_tests.cpp">
      <Filter>Source Files\tests\pe_bliss2\directories\security</Filter>
    </ClCompile>
    <ClCompile Include="tests\pe_bliss2\directories\security\authenticode_timestamp_signature_tests.cpp">
      <Filter>Source Files\tests\pe_bliss2\directories\security</Filter>
    </ClCompile>
    <ClCompile Include="tests\pe_bliss2\directories\security\authenticode_timestamp_signature_format_validator_tests.cpp">
      <Filter>Source Files\tests\pe_bliss2\directories\security</Filter>
    </ClCompile>
    <ClCompile Include="tests\pe_bliss2\directories\security\authenticode_certificate_store_tests.cpp">
      <Filter>Source Files\tests\pe_bliss2\directories\security</Filter>
    </ClCompile>
    <ClCompile Include="tests\pe_bliss2\directories\security\signature_verifier_tests.cpp">
      <Filter>Source Files\tests\pe_bliss2\directories\security</Filter>
    </ClCompile>
    <ClCompile Include="tests\pe_bliss2\directories\security\authenticode_timestamp_signature_verifier_tests.cpp">
      <Filter>Source Files\tests\pe_bliss2\directories\security</Filter>
    </ClCompile>
    <ClCompile Include="tests\pe_bliss2\directories\security\authenticode_verifier_tests.cpp">
      <Filter>Source Files\tests\pe_bliss2\directories\security</Filter>
    </ClCompile>
    <ClCompile Include="tests\pe_bliss2\directories\security\flat_distinguished_name_tests.cpp">
      <Filter>Source Files\tests\pe_bliss2\directories\security</Filter>
    </ClCompile>
    <ClCompile Include="tests\pe_bliss2\trustlet_policy_metadata_tests.cpp">
      <Filter>Source Files\tests\pe_bliss2</Filter>
    </ClCompile>
    <ClCompile Include="tests\pe_bliss2\format_detector_tests.cpp">
      <Filter>Source Files\tests\pe_bliss2</Filter>
    </ClCompile>
  </ItemGroup>
  <ItemGroup>
    <ClInclude Include="tests\buffers\input_buffer_helpers.h">
      <Filter>Source Files\tests\buffers</Filter>
    </ClInclude>
    <ClInclude Include="tests\buffers\output_buffer_helpers.h">
      <Filter>Source Files\tests\buffers</Filter>
    </ClInclude>
    <ClInclude Include="tests\buffers\buffer_helpers.h">
      <Filter>Source Files\tests\buffers</Filter>
    </ClInclude>
    <ClInclude Include="tests\pe_bliss2\test_structs.h">
      <Filter>Source Files\tests\pe_bliss2</Filter>
    </ClInclude>
    <ClInclude Include="tests\pe_bliss2\input_buffer_mock.h">
      <Filter>Source Files\tests\pe_bliss2</Filter>
    </ClInclude>
    <ClInclude Include="tests\pe_bliss2\output_buffer_mock.h">
      <Filter>Source Files\tests\pe_bliss2</Filter>
    </ClInclude>
    <ClInclude Include="tests\pe_bliss2\pe_error_helper.h">
      <Filter>Source Files\tests\pe_bliss2</Filter>
    </ClInclude>
    <ClInclude Include="tests\pe_bliss2\image_helper.h">
      <Filter>Source Files\tests\pe_bliss2</Filter>
    </ClInclude>
    <ClInclude Include="tests\pe_bliss2\byte_container_fixture_base.h">
      <Filter>Source Files\tests\pe_bliss2</Filter>
    </ClInclude>
    <ClInclude Include="tests\pe_bliss2\bytes_to_va_fixture_base.h">
      <Filter>Source Files\tests\pe_bliss2</Filter>
    </ClInclude>
    <ClInclude Include="tests\pe_bliss2\directories\arm_common_exception_helpers.h">
      <Filter>Source Files\tests\pe_bliss2\directories</Filter>
    </ClInclude>
    <ClInclude Include="tests\pe_bliss2\directories\security\hex_string_helpers.h">
      <Filter>Source Files\tests\pe_bliss2\directories\security</Filter>
    </ClInclude>
    <ClInclude Include="tests\pe_bliss2\directories\security\non_contiguous_buffer.h">
      <Filter>Source Files\tests\pe_bliss2\directories\security</Filter>
    </ClInclude>
    <ClInclude Include="tests\pe_bliss2\directories\security\common_authenticode_data.h">
      <Filter>Source Files\tests\pe_bliss2\directories\security</Filter>
    </ClInclude>
  </ItemGroup>
</Project>